
Microsoft Visual Studio Solution File, Format Version 12.00
# Visual Studio Version 16
VisualStudioVersion = 16.0.32228.343
MinimumVisualStudioVersion = 10.0.40219.1
Project("{FAE04EC0-301F-11D3-BF4B-00C04F79EFBC}") = "BibliotecaCapacitacion", "BibliotecaCapacitacion\BibliotecaCapacitacion.csproj", "{9AAE58EA-8486-4F1C-B276-67EB0AF3074E}"
EndProject
Global
	GlobalSection(SolutionConfigurationPlatforms) = preSolution
		Debug|Any CPU = Debug|Any CPU
		Release|Any CPU = Release|Any CPU
	EndGlobalSection
	GlobalSection(ProjectConfigurationPlatforms) = postSolution
		{9AAE58EA-8486-4F1C-B276-67EB0AF3074E}.Debug|Any CPU.ActiveCfg = Debug|Any CPU
		{9AAE58EA-8486-4F1C-B276-67EB0AF3074E}.Debug|Any CPU.Build.0 = Debug|Any CPU
		{9AAE58EA-8486-4F1C-B276-67EB0AF3074E}.Release|Any CPU.ActiveCfg = Release|Any CPU
		{9AAE58EA-8486-4F1C-B276-67EB0AF3074E}.Release|Any CPU.Build.0 = Release|Any CPU
	EndGlobalSection
	GlobalSection(SolutionProperties) = preSolution
		HideSolutionNode = FALSE
	EndGlobalSection
	GlobalSection(ExtensibilityGlobals) = postSolution
		SolutionGuid = {C03BE9F9-7C84-49D3-9CF7-9C4C177D6D26}
	EndGlobalSection
EndGlobal
